// !$*UTF8*$!
{
	archiveVersion = 1;
	classes = {
	};
	objectVersion = 46;
	objects = {

/* Begin PBXBuildFile section */
		3CDDEF091ED600C60026F080 /* AppDelegate.swift in Sources */ = {isa = PBXBuildFile; fileRef = 3CDDEF081ED600C60026F080 /* AppDelegate.swift */; };
		3CDDEF0B1ED600C60026F080 /* ViewController.swift in Sources */ = {isa = PBXBuildFile; fileRef = 3CDDEF0A1ED600C60026F080 /* ViewController.swift */; };
		3CDDEF0E1ED600C60026F080 /* Main.storyboard in Resources */ = {isa = PBXBuildFile; fileRef = 3CDDEF0C1ED600C60026F080 /* Main.storyboard */; };
		3CDDEF101ED600C60026F080 /* Assets.xcassets in Resources */ = {isa = PBXBuildFile; fileRef = 3CDDEF0F1ED600C60026F080 /* Assets.xcassets */; };
		3CDDEF131ED600C60026F080 /* LaunchScreen.storyboard in Resources */ = {isa = PBXBuildFile; fileRef = 3CDDEF111ED600C60026F080 /* LaunchScreen.storyboard */; };
		3CDDEF1E1ED600C60026F080 /* My_Custom_SliderTests.swift in Sources */ = {isa = PBXBuildFile; fileRef = 3CDDEF1D1ED600C60026F080 /* My_Custom_SliderTests.swift */; };
		3CDDEF291ED600C60026F080 /* My_Custom_SliderUITests.swift in Sources */ = {isa = PBXBuildFile; fileRef = 3CDDEF281ED600C60026F080 /* My_Custom_SliderUITests.swift */; };
		3CDDEF371ED6010B0026F080 /* CustomSlider.swift in Sources */ = {isa = PBXBuildFile; fileRef = 3CDDEF361ED6010B0026F080 /* CustomSlider.swift */; };
/* End PBXBuildFile section */

/* Begin PBXContainerItemProxy section */
		3CDDEF1A1ED600C60026F080 /* PBXContainerItemProxy */ = {
			isa = PBXContainerItemProxy;
			containerPortal = 3CDDEEFD1ED600C60026F080 /* Project object */;
			proxyType = 1;
			remoteGlobalIDString = 3CDDEF041ED600C60026F080;
			remoteInfo = "My Custom Slider";
		};
		3CDDEF251ED600C60026F080 /* PBXContainerItemProxy */ = {
			isa = PBXContainerItemProxy;
			containerPortal = 3CDDEEFD1ED600C60026F080 /* Project object */;
			proxyType = 1;
			remoteGlobalIDString = 3CDDEF041ED600C60026F080;
			remoteInfo = "My Custom Slider";
		};
/* End PBXContainerItemProxy section */

/* Begin PBXFileReference section */
		3CDDEF051ED600C60026F080 /* My Custom Slider.app */ = {isa = PBXFileReference; explicitFileType = wrapper.application; includeInIndex = 0; path = "My Custom Slider.app"; sourceTree = BUILT_PRODUCTS_DIR; };
		3CDDEF081ED600C60026F080 /* AppDelegate.swift */ = {isa = PBXFileReference; lastKnownFileType = sourcecode.swift; path = AppDelegate.swift; sourceTree = "<group>"; };
		3CDDEF0A1ED600C60026F080 /* ViewController.swift */ = {isa = PBXFileReference; lastKnownFileType = sourcecode.swift; path = ViewController.swift; sourceTree = "<group>"; };
		3CDDEF0D1ED600C60026F080 /* Base */ = {isa = PBXFileReference; lastKnownFileType = file.storyboard; name = Base; path = Base.lproj/Main.storyboard; sourceTree = "<group>"; };
		3CDDEF0F1ED600C60026F080 /* Assets.xcassets */ = {isa = PBXFileReference; lastKnownFileType = folder.assetcatalog; path = Assets.xcassets; sourceTree = "<group>"; };
		3CDDEF121ED600C60026F080 /* Base */ = {isa = PBXFileReference; lastKnownFileType = file.storyboard; name = Base; path = Base.lproj/LaunchScreen.storyboard; sourceTree = "<group>"; };
		3CDDEF141ED600C60026F080 /* Info.plist */ = {isa = PBXFileReference; lastKnownFileType = text.plist.xml; path = Info.plist; sourceTree = "<group>"; };
		3CDDEF191ED600C60026F080 /* My Custom SliderTests.xctest */ = {isa = PBXFileReference; explicitFileType = wrapper.cfbundle; includeInIndex = 0; path = "My Custom SliderTests.xctest"; sourceTree = BUILT_PRODUCTS_DIR; };
		3CDDEF1D1ED600C60026F080 /* My_Custom_SliderTests.swift */ = {isa = PBXFileReference; lastKnownFileType = sourcecode.swift; path = My_Custom_SliderTests.swift; sourceTree = "<group>"; };
		3CDDEF1F1ED600C60026F080 /* Info.plist */ = {isa = PBXFileReference; lastKnownFileType = text.plist.xml; path = Info.plist; sourceTree = "<group>"; };
		3CDDEF241ED600C60026F080 /* My Custom SliderUITests.xctest */ = {isa = PBXFileReference; explicitFileType = wrapper.cfbundle; includeInIndex = 0; path = "My Custom SliderUITests.xctest"; sourceTree = BUILT_PRODUCTS_DIR; };
		3CDDEF281ED600C60026F080 /* My_Custom_SliderUITests.swift */ = {isa = PBXFileReference; lastKnownFileType = sourcecode.swift; path = My_Custom_SliderUITests.swift; sourceTree = "<group>"; };
		3CDDEF2A1ED600C60026F080 /* Info.plist */ = {isa = PBXFileReference; lastKnownFileType = text.plist.xml; path = Info.plist; sourceTree = "<group>"; };
		3CDDEF361ED6010B0026F080 /* CustomSlider.swift */ = {isa = PBXFileReference; fileEncoding = 4; lastKnownFileType = sourcecode.swift; path = CustomSlider.swift; sourceTree = "<group>"; };
/* End PBXFileReference section */

/* Begin PBXFrameworksBuildPhase section */
		3CDDEF021ED600C60026F080 /* Frameworks */ = {
			isa = PBXFrameworksBuildPhase;
			buildActionMask = 2147483647;
			files = (
			);
			runOnlyForDeploymentPostprocessing = 0;
		};
		3CDDEF161ED600C60026F080 /* Frameworks */ = {
			isa = PBXFrameworksBuildPhase;
			buildActionMask = 2147483647;
			files = (
			);
			runOnlyForDeploymentPostprocessing = 0;
		};
		3CDDEF211ED600C60026F080 /* Frameworks */ = {
			isa = PBXFrameworksBuildPhase;
			buildActionMask = 2147483647;
			files = (
			);
			runOnlyForDeploymentPostprocessing = 0;
		};
/* End PBXFrameworksBuildPhase section */

/* Begin PBXGroup section */
		3CDDEEFC1ED600C60026F080 = {
			isa = PBXGroup;
			children = (
				3CDDEF071ED600C60026F080 /* My Custom Slider */,
				3CDDEF1C1ED600C60026F080 /* My Custom SliderTests */,
				3CDDEF271ED600C60026F080 /* My Custom SliderUITests */,
				3CDDEF061ED600C60026F080 /* Products */,
			);
			sourceTree = "<group>";
		};
		3CDDEF061ED600C60026F080 /* Products */ = {
			isa = PBXGroup;
			children = (
				3CDDEF051ED600C60026F080 /* My Custom Slider.app */,
				3CDDEF191ED600C60026F080 /* My Custom SliderTests.xctest */,
				3CDDEF241ED600C60026F080 /* My Custom SliderUITests.xctest */,
			);
			name = Products;
			sourceTree = "<group>";
		};
		3CDDEF071ED600C60026F080 /* My Custom Slider */ = {
			isa = PBXGroup;
			children = (
				3CDDEF081ED600C60026F080 /* AppDelegate.swift */,
				3CDDEF0A1ED600C60026F080 /* ViewController.swift */,
				3CDDEF0C1ED600C60026F080 /* Main.storyboard */,
				3CDDEF0F1ED600C60026F080 /* Assets.xcassets */,
				3CDDEF111ED600C60026F080 /* LaunchScreen.storyboard */,
				3CDDEF141ED600C60026F080 /* Info.plist */,
				3CDDEF361ED6010B0026F080 /* CustomSlider.swift */,
			);
			path = "My Custom Slider";
			sourceTree = "<group>";
		};
		3CDDEF1C1ED600C60026F080 /* My Custom SliderTests */ = {
			isa = PBXGroup;
			children = (
				3CDDEF1D1ED600C60026F080 /* My_Custom_SliderTests.swift */,
				3CDDEF1F1ED600C60026F080 /* Info.plist */,
			);
			path = "My Custom SliderTests";
			sourceTree = "<group>";
		};
		3CDDEF271ED600C60026F080 /* My Custom SliderUITests */ = {
			isa = PBXGroup;
			children = (
				3CDDEF281ED600C60026F080 /* My_Custom_SliderUITests.swift */,
				3CDDEF2A1ED600C60026F080 /* Info.plist */,
			);
			path = "My Custom SliderUITests";
			sourceTree = "<group>";
		};
/* End PBXGroup section */

/* Begin PBXNativeTarget section */
		3CDDEF041ED600C60026F080 /* My Custom Slider */ = {
			isa = PBXNativeTarget;
			buildConfigurationList = 3CDDEF2D1ED600C60026F080 /* Build configuration list for PBXNativeTarget "My Custom Slider" */;
			buildPhases = (
				3CDDEF011ED600C60026F080 /* Sources */,
				3CDDEF021ED600C60026F080 /* Frameworks */,
				3CDDEF031ED600C60026F080 /* Resources */,
			);
			buildRules = (
			);
			dependencies = (
			);
			name = "My Custom Slider";
			productName = "My Custom Slider";
			productReference = 3CDDEF051ED600C60026F080 /* My Custom Slider.app */;
			productType = "com.apple.product-type.application";
		};
		3CDDEF181ED600C60026F080 /* My Custom SliderTests */ = {
			isa = PBXNativeTarget;
			buildConfigurationList = 3CDDEF301ED600C60026F080 /* Build configuration list for PBXNativeTarget "My Custom SliderTests" */;
			buildPhases = (
				3CDDEF151ED600C60026F080 /* Sources */,
				3CDDEF161ED600C60026F080 /* Frameworks */,
				3CDDEF171ED600C60026F080 /* Resources */,
			);
			buildRules = (
			);
			dependencies = (
				3CDDEF1B1ED600C60026F080 /* PBXTargetDependency */,
			);
			name = "My Custom SliderTests";
			productName = "My Custom SliderTests";
			productReference = 3CDDEF191ED600C60026F080 /* My Custom SliderTests.xctest */;
			productType = "com.apple.product-type.bundle.unit-test";
		};
		3CDDEF231ED600C60026F080 /* My Custom SliderUITests */ = {
			isa = PBXNativeTarget;
			buildConfigurationList = 3CDDEF331ED600C60026F080 /* Build configuration list for PBXNativeTarget "My Custom SliderUITests" */;
			buildPhases = (
				3CDDEF201ED600C60026F080 /* Sources */,
				3CDDEF211ED600C60026F080 /* Frameworks */,
				3CDDEF221ED600C60026F080 /* Resources */,
			);
			buildRules = (
			);
			dependencies = (
				3CDDEF261ED600C60026F080 /* PBXTargetDependency */,
			);
			name = "My Custom SliderUITests";
			productName = "My Custom SliderUITests";
			productReference = 3CDDEF241ED600C60026F080 /* My Custom SliderUITests.xctest */;
			productType = "com.apple.product-type.bundle.ui-testing";
		};
/* End PBXNativeTarget section */

/* Begin PBXProject section */
		3CDDEEFD1ED600C60026F080 /* Project object */ = {
			isa = PBXProject;
			attributes = {
				LastSwiftUpdateCheck = 0830;
				LastUpgradeCheck = 0830;
				ORGANIZATIONNAME = Amol;
				TargetAttributes = {
					3CDDEF041ED600C60026F080 = {
						CreatedOnToolsVersion = 8.3.2;
						DevelopmentTeam = W8R3526GV4;
						ProvisioningStyle = Automatic;
					};
					3CDDEF181ED600C60026F080 = {
						CreatedOnToolsVersion = 8.3.2;
						ProvisioningStyle = Automatic;
						TestTargetID = 3CDDEF041ED600C60026F080;
					};
					3CDDEF231ED600C60026F080 = {
						CreatedOnToolsVersion = 8.3.2;
						ProvisioningStyle = Automatic;
						TestTargetID = 3CDDEF041ED600C60026F080;
					};
				};
			};
			buildConfigurationList = 3CDDEF001ED600C60026F080 /* Build configuration list for PBXProject "My Custom Slider" */;
			compatibilityVersion = "Xcode 3.2";
			developmentRegion = English;
			hasScannedForEncodings = 0;
			knownRegions = (
				en,
				Base,
			);
			mainGroup = 3CDDEEFC1ED600C60026F080;
			productRefGroup = 3CDDEF061ED600C60026F080 /* Products */;
			projectDirPath = "";
			projectRoot = "";
			targets = (
				3CDDEF041ED600C60026F080 /* My Custom Slider */,
				3CDDEF181ED600C60026F080 /* My Custom SliderTests */,
				3CDDEF231ED600C60026F080 /* My Custom SliderUITests */,
			);
		};
/* End PBXProject section */

/* Begin PBXResourcesBuildPhase section */
		3CDDEF031ED600C60026F080 /* Resources */ = {
			isa = PBXResourcesBuildPhase;
			buildActionMask = 2147483647;
			files = (
				3CDDEF131ED600C60026F080 /* LaunchScreen.storyboard in Resources */,
				3CDDEF101ED600C60026F080 /* Assets.xcassets in Resources */,
				3CDDEF0E1ED600C60026F080 /* Main.storyboard in Resources */,
			);
			runOnlyForDeploymentPostprocessing = 0;
		};
		3CDDEF171ED600C60026F080 /* Resources */ = {
			isa = PBXResourcesBuildPhase;
			buildActionMask = 2147483647;
			files = (
			);
			runOnlyForDeploymentPostprocessing = 0;
		};
		3CDDEF221ED600C60026F080 /* Resources */ = {
			isa = PBXResourcesBuildPhase;
			buildActionMask = 2147483647;
			files = (
			);
			runOnlyForDeploymentPostprocessing = 0;
		};
/* End PBXResourcesBuildPhase section */

/* Begin PBXSourcesBuildPhase section */
		3CDDEF011ED600C60026F080 /* Sources */ = {
			isa = PBXSourcesBuildPhase;
			buildActionMask = 2147483647;
			files = (
				3CDDEF0B1ED600C60026F080 /* ViewController.swift in Sources */,
				3CDDEF371ED6010B0026F080 /* CustomSlider.swift in Sources */,
				3CDDEF091ED600C60026F080 /* AppDelegate.swift in Sources */,
			);
			runOnlyForDeploymentPostprocessing = 0;
		};
		3CDDEF151ED600C60026F080 /* Sources */ = {
			isa = PBXSourcesBuildPhase;
			buildActionMask = 2147483647;
			files = (
				3CDDEF1E1ED600C60026F080 /* My_Custom_SliderTests.swift in Sources */,
			);
			runOnlyForDeploymentPostprocessing = 0;
		};
		3CDDEF201ED600C60026F080 /* Sources */ = {
			isa = PBXSourcesBuildPhase;
			buildActionMask = 2147483647;
			files = (
				3CDDEF291ED600C60026F080 /* My_Custom_SliderUITests.swift in Sources */,
			);
			runOnlyForDeploymentPostprocessing = 0;
		};
/* End PBXSourcesBuildPhase section */

/* Begin PBXTargetDependency section */
		3CDDEF1B1ED600C60026F080 /* PBXTargetDependency */ = {
			isa = PBXTargetDependency;
			target = 3CDDEF041ED600C60026F080 /* My Custom Slider */;
			targetProxy = 3CDDEF1A1ED600C60026F080 /* PBXContainerItemProxy */;
		};
		3CDDEF261ED600C60026F080 /* PBXTargetDependency */ = {
			isa = PBXTargetDependency;
			target = 3CDDEF041ED600C60026F080 /* My Custom Slider */;
			targetProxy = 3CDDEF251ED600C60026F080 /* PBXContainerItemProxy */;
		};
/* End PBXTargetDependency section */

/* Begin PBXVariantGroup section */
		3CDDEF0C1ED600C60026F080 /* Main.storyboard */ = {
			isa = PBXVariantGroup;
			children = (
				3CDDEF0D1ED600C60026F080 /* Base */,
			);
			name = Main.storyboard;
			sourceTree = "<group>";
		};
		3CDDEF111ED600C60026F080 /* LaunchScreen.storyboard */ = {
			isa = PBXVariantGroup;
			children = (
				3CDDEF121ED600C60026F080 /* Base */,
			);
			name = LaunchScreen.storyboard;
			sourceTree = "<group>";
		};
/* End PBXVariantGroup section */

/* Begin XCBuildConfiguration section */
		3CDDEF2B1ED600C60026F080 /* Debug */ = {
			isa = XCBuildConfiguration;
			buildSettings = {
				ALWAYS_SEARCH_USER_PATHS = NO;
				CLANG_ANALYZER_NONNULL = YES;
				CLANG_ANALYZER_NUMBER_OBJECT_CONVERSION = YES_AGGRESSIVE;
				CLANG_CXX_LANGUAGE_STANDARD = "gnu++0x";
				CLANG_CXX_LIBRARY = "libc++";
				CLANG_ENABLE_MODULES = YES;
				CLANG_ENABLE_OBJC_ARC = YES;
				CLANG_WARN_BOOL_CONVERSION = YES;
				CLANG_WARN_CONSTANT_CONVERSION = YES;
				CLANG_WARN_DIRECT_OBJC_ISA_USAGE = YES_ERROR;
				CLANG_WARN_DOCUMENTATION_COMMENTS = YES;
				CLANG_WARN_EMPTY_BODY = YES;
				CLANG_WARN_ENUM_CONVERSION = YES;
				CLANG_WARN_INFINITE_RECURSION = YES;
				CLANG_WARN_INT_CONVERSION = YES;
				CLANG_WARN_OBJC_ROOT_CLASS = YES_ERROR;
				CLANG_WARN_SUSPICIOUS_MOVE = YES;
				CLANG_WARN_UNREACHABLE_CODE = YES;
				CLANG_WARN__DUPLICATE_METHOD_MATCH = YES;
				"CODE_SIGN_IDENTITY[sdk=iphoneos*]" = "iPhone Developer";
				COPY_PHASE_STRIP = NO;
				DEBUG_INFORMATION_FORMAT = dwarf;
				ENABLE_STRICT_OBJC_MSGSEND = YES;
				ENABLE_TESTABILITY = YES;
				GCC_C_LANGUAGE_STANDARD = gnu99;
				GCC_DYNAMIC_NO_PIC = NO;
				GCC_NO_COMMON_BLOCKS = YES;
				GCC_OPTIMIZATION_LEVEL = 0;
				GCC_PREPROCESSOR_DEFINITIONS = (
					"DEBUG=1",
					"$(inherited)",
				);
				GCC_WARN_64_TO_32_BIT_CONVERSION = YES;
				GCC_WARN_ABOUT_RETURN_TYPE = YES_ERROR;
				GCC_WARN_UNDECLARED_SELECTOR = YES;
				GCC_WARN_UNINITIALIZED_AUTOS = YES_AGGRESSIVE;
				GCC_WARN_UNUSED_FUNCTION = YES;
				GCC_WARN_UNUSED_VARIABLE = YES;
				IPHONEOS_DEPLOYMENT_TARGET = 10.3;
				MTL_ENABLE_DEBUG_INFO = YES;
				ONLY_ACTIVE_ARCH = YES;
				SDKROOT = iphoneos;
				SWIFT_ACTIVE_COMPILATION_CONDITIONS = DEBUG;
				SWIFT_OPTIMIZATION_LEVEL = "-Onone";
				TARGETED_DEVICE_FAMILY = "1,2";
			};
			name = Debug;
		};
		3CDDEF2C1ED600C60026F080 /* Release */ = {
			isa = XCBuildConfiguration;
			buildSettings = {
				ALWAYS_SEARCH_USER_PATHS = NO;
				CLANG_ANALYZER_NONNULL = YES;
				CLANG_ANALYZER_NUMBER_OBJECT_CONVERSION = YES_AGGRESSIVE;
				CLANG_CXX_LANGUAGE_STANDARD = "gnu++0x";
				CLANG_CXX_LIBRARY = "libc++";
				CLANG_ENABLE_MODULES = YES;
				CLANG_ENABLE_OBJC_ARC = YES;
				CLANG_WARN_BOOL_CONVERSION = YES;
				CLANG_WARN_CONSTANT_CONVERSION = YES;
				CLANG_WARN_DIRECT_OBJC_ISA_USAGE = YES_ERROR;
				CLANG_WARN_DOCUMENTATION_COMMENTS = YES;
				CLANG_WARN_EMPTY_BODY = YES;
				CLANG_WARN_ENUM_CONVERSION = YES;
				CLANG_WARN_INFINITE_RECURSION = YES;
				CLANG_WARN_INT_CONVERSION = YES;
				CLANG_WARN_OBJC_ROOT_CLASS = YES_ERROR;
				CLANG_WARN_SUSPICIOUS_MOVE = YES;
				CLANG_WARN_UNREACHABLE_CODE = YES;
				CLANG_WARN__DUPLICATE_METHOD_MATCH = YES;
				"CODE_SIGN_IDENTITY[sdk=iphoneos*]" = "iPhone Developer";
				COPY_PHASE_STRIP = NO;
				DEBUG_INFORMATION_FORMAT = "dwarf-with-dsym";
				ENABLE_NS_ASSERTIONS = NO;
				ENABLE_STRICT_OBJC_MSGSEND = YES;
				GCC_C_LANGUAGE_STANDARD = gnu99;
				GCC_NO_COMMON_BLOCKS = YES;
				GCC_WARN_64_TO_32_BIT_CONVERSION = YES;
				GCC_WARN_ABOUT_RETURN_TYPE = YES_ERROR;
				GCC_WARN_UNDECLARED_SELECTOR = YES;
				GCC_WARN_UNINITIALIZED_AUTOS = YES_AGGRESSIVE;
				GCC_WARN_UNUSED_FUNCTION = YES;
				GCC_WARN_UNUSED_VARIABLE = YES;
				IPHONEOS_DEPLOYMENT_TARGET = 10.3;
				MTL_ENABLE_DEBUG_INFO = NO;
				SDKROOT = iphoneos;
				SWIFT_OPTIMIZATION_LEVEL = "-Owholemodule";
				TARGETED_DEVICE_FAMILY = "1,2";
				VALIDATE_PRODUCT = YES;
			};
			name = Release;
		};
		3CDDEF2E1ED600C60026F080 /* Debug */ = {
			isa = XCBuildConfiguration;
			buildSettings = {
				ASSETCATALOG_COMPILER_APPICON_NAME = AppIcon;
				CODE_SIGN_IDENTITY = "iPhone Developer";
				DEVELOPMENT_TEAM = W8R3526GV4;
				INFOPLIST_FILE = "My Custom Slider/Info.plist";
				IPHONEOS_DEPLOYMENT_TARGET = 10.2;
				LD_RUNPATH_SEARCH_PATHS = "$(inherited) @executable_path/Frameworks";
				PRODUCT_BUNDLE_IDENTIFIER = "com.ascensia.My-Custom-Slider";
				PRODUCT_NAME = "$(TARGET_NAME)";
				SWIFT_VERSION = 3.0;
			};
			name = Debug;
		};
		3CDDEF2F1ED600C60026F080 /* Release */ = {
			isa = XCBuildConfiguration;
			buildSettings = {
				ASSETCATALOG_COMPILER_APPICON_NAME = AppIcon;
				CODE_SIGN_IDENTITY = "iPhone Developer";
				DEVELOPMENT_TEAM = W8R3526GV4;
				INFOPLIST_FILE = "My Custom Slider/Info.plist";
				IPHONEOS_DEPLOYMENT_TARGET = 10.2;
				LD_RUNPATH_SEARCH_PATHS = "$(inherited) @executable_path/Frameworks";
				PRODUCT_BUNDLE_IDENTIFIER = "com.ascensia.My-Custom-Slider";
				PRODUCT_NAME = "$(TARGET_NAME)";
				SWIFT_VERSION = 3.0;
			};
			name = Release;
		};
		3CDDEF311ED600C60026F080 /* Debug */ = {
			isa = XCBuildConfiguration;
			buildSettings = {
				ALWAYS_EMBED_SWIFT_STANDARD_LIBRARIES = YES;
				BUNDLE_LOADER = "$(TEST_HOST)";
				INFOPLIST_FILE = "My Custom SliderTests/Info.plist";
				LD_RUNPATH_SEARCH_PATHS = "$(inherited) @executable_path/Frameworks @loader_path/Frameworks";
				PRODUCT_BUNDLE_IDENTIFIER = "com.ascensia.My-Custom-SliderTests";
				PRODUCT_NAME = "$(TARGET_NAME)";
				SWIFT_VERSION = 3.0;
				TEST_HOST = "$(BUILT_PRODUCTS_DIR)/My Custom Slider.app/My Custom Slider";
			};
			name = Debug;
		};
		3CDDEF321ED600C60026F080 /* Release */ = {
			isa = XCBuildConfiguration;
			buildSettings = {
				ALWAYS_EMBED_SWIFT_STANDARD_LIBRARIES = YES;
				BUNDLE_LOADER = "$(TEST_HOST)";
				INFOPLIST_FILE = "My Custom SliderTests/Info.plist";
				LD_RUNPATH_SEARCH_PATHS = "$(inherited) @executable_path/Frameworks @loader_path/Frameworks";
				PRODUCT_BUNDLE_IDENTIFIER = "com.ascensia.My-Custom-SliderTests";
				PRODUCT_NAME = "$(TARGET_NAME)";
				SWIFT_VERSION = 3.0;
				TEST_HOST = "$(BUILT_PRODUCTS_DIR)/My Custom Slider.app/My Custom Slider";
			};
			name = Release;
		};
		3CDDEF341ED600C60026F080 /* Debug */ = {
			isa = XCBuildConfiguration;
			buildSettings = {
				ALWAYS_EMBED_SWIFT_STANDARD_LIBRARIES = YES;
				INFOPLIST_FILE = "My Custom SliderUITests/Info.plist";
				LD_RUNPATH_SEARCH_PATHS = "$(inherited) @executable_path/Frameworks @loader_path/Frameworks";
				PRODUCT_BUNDLE_IDENTIFIER = "com.ascensia.My-Custom-SliderUITests";
				PRODUCT_NAME = "$(TARGET_NAME)";
				SWIFT_VERSION = 3.0;
				TEST_TARGET_NAME = "My Custom Slider";
			};
			name = Debug;
		};
		3CDDEF351ED600C60026F080 /* Release */ = {
			isa = XCBuildConfiguration;
			buildSettings = {
				ALWAYS_EMBED_SWIFT_STANDARD_LIBRARIES = YES;
				INFOPLIST_FILE = "My Custom SliderUITests/Info.plist";
				LD_RUNPATH_SEARCH_PATHS = "$(inherited) @executable_path/Frameworks @loader_path/Frameworks";
				PRODUCT_BUNDLE_IDENTIFIER = "com.ascensia.My-Custom-SliderUITests";
				PRODUCT_NAME = "$(TARGET_NAME)";
				SWIFT_VERSION = 3.0;
				TEST_TARGET_NAME = "My Custom Slider";
			};
			name = Release;
		};
/* End XCBuildConfiguration section */

/* Begin XCConfigurationList section */
		3CDDEF001ED600C60026F080 /* Build configuration list for PBXProject "My Custom Slider" */ = {
			isa = XCConfigurationList;
			buildConfigurations = (
				3CDDEF2B1ED600C60026F080 /* Debug */,
				3CDDEF2C1ED600C60026F080 /* Release */,
			);
			defaultConfigurationIsVisible = 0;
			defaultConfigurationName = Release;
		};
		3CDDEF2D1ED600C60026F080 /* Build configuration list for PBXNativeTarget "My Custom Slider" */ = {
			isa = XCConfigurationList;
			buildConfigurations = (
				3CDDEF2E1ED600C60026F080 /* Debug */,
				3CDDEF2F1ED600C60026F080 /* Release */,
			);
			defaultConfigurationIsVisible = 0;
		};
		3CDDEF301ED600C60026F080 /* Build configuration list for PBXNativeTarget "My Custom SliderTests" */ = {
			isa = XCConfigurationList;
			buildConfigurations = (
				3CDDEF311ED600C60026F080 /* Debug */,
				3CDDEF321ED600C60026F080 /* Release */,
			);
			defaultConfigurationIsVisible = 0;
		};
		3CDDEF331ED600C60026F080 /* Build configuration list for PBXNativeTarget "My Custom SliderUITests" */ = {
			isa = XCConfigurationList;
			buildConfigurations = (
				3CDDEF341ED600C60026F080 /* Debug */,
				3CDDEF351ED600C60026F080 /* Release */,
			);
			defaultConfigurationIsVisible = 0;
		};
/* End XCConfigurationList section */
	};
	rootObject = 3CDDEEFD1ED600C60026F080 /* Project object */;
}
